
Microsoft Visual Studio Solution File, Format Version 12.00
# Visual Studio Version 17
VisualStudioVersion = 17.14.36518.9
MinimumVisualStudioVersion = 10.0.40219.1
Project("{2150E333-8FDC-42A3-9474-1A3956D46DE8}") = "Source", "Source", "{02EA681E-C7D8-13C7-8484-4AC65E1B71E8}"
EndProject
Project("{2150E333-8FDC-42A3-9474-1A3956D46DE8}") = "Tests", "Tests", "{F03CEB2A-8E2C-43D6-AD56-33E693D5552A}"
EndProject
Project("{2150E333-8FDC-42A3-9474-1A3956D46DE8}") = "Solution Items", "Solution Items", "{B2B4702A-425B-48FA-AE85-E22E820D02FE}"
	ProjectSection(SolutionItems) = preProject
		.editorconfig = .editorconfig
		Directory.Build.props = Directory.Build.props
		Directory.Packages.props = Directory.Packages.props
	EndProjectSection
EndProject
Project("{FAE04EC0-301F-11D3-BF4B-00C04F79EFBC}") = "Domain", "src\Domain\Domain.csproj", "{04DE270E-77DC-4F21-B91E-3B06368D6D3A}"
EndProject
Project("{FAE04EC0-301F-11D3-BF4B-00C04F79EFBC}") = "Infrastructure", "src\Infrastructure\Infrastructure.csproj", "{7C2F2F9E-1DA1-4ED6-8BEB-96A983125AEB}"
EndProject
Project("{FAE04EC0-301F-11D3-BF4B-00C04F79EFBC}") = "Application", "src\Application\Application.csproj", "{1D31FFF4-4FE8-4E7A-8E14-0B21C5BA6FF5}"
EndProject
Project("{FAE04EC0-301F-11D3-BF4B-00C04F79EFBC}") = "ArchitectureTests", "tests\ArchitectureTests\ArchitectureTests.csproj", "{AC887E57-808B-4B6E-9DF6-E63582146B24}"
EndProject
Project("{FAE04EC0-301F-11D3-BF4B-00C04F79EFBC}") = "Api", "src\Api\Api.csproj", "{CBAFC0F9-5B69-AE5B-776E-B650E010DF04}"
EndProject
Project("{FAE04EC0-301F-11D3-BF4B-00C04F79EFBC}") = "Common", "src\Common\Common.csproj", "{68906613-2790-4C65-8A54-D178EB729EEC}"
EndProject
Global
	GlobalSection(SolutionConfigurationPlatforms) = preSolution
		Debug|Any CPU = Debug|Any CPU
		Release|Any CPU = Release|Any CPU
	EndGlobalSection
	GlobalSection(ProjectConfigurationPlatforms) = postSolution
		{04DE270E-77DC-4F21-B91E-3B06368D6D3A}.Debug|Any CPU.ActiveCfg = Debug|Any CPU
		{04DE270E-77DC-4F21-B91E-3B06368D6D3A}.Debug|Any CPU.Build.0 = Debug|Any CPU
		{04DE270E-77DC-4F21-B91E-3B06368D6D3A}.Release|Any CPU.ActiveCfg = Release|Any CPU
		{04DE270E-77DC-4F21-B91E-3B06368D6D3A}.Release|Any CPU.Build.0 = Release|Any CPU
		{7C2F2F9E-1DA1-4ED6-8BEB-96A983125AEB}.Debug|Any CPU.ActiveCfg = Debug|Any CPU
		{7C2F2F9E-1DA1-4ED6-8BEB-96A983125AEB}.Debug|Any CPU.Build.0 = Debug|Any CPU
		{7C2F2F9E-1DA1-4ED6-8BEB-96A983125AEB}.Release|Any CPU.ActiveCfg = Release|Any CPU
		{7C2F2F9E-1DA1-4ED6-8BEB-96A983125AEB}.Release|Any CPU.Build.0 = Release|Any CPU
		{1D31FFF4-4FE8-4E7A-8E14-0B21C5BA6FF5}.Debug|Any CPU.ActiveCfg = Debug|Any CPU
		{1D31FFF4-4FE8-4E7A-8E14-0B21C5BA6FF5}.Debug|Any CPU.Build.0 = Debug|Any CPU
		{1D31FFF4-4FE8-4E7A-8E14-0B21C5BA6FF5}.Release|Any CPU.ActiveCfg = Release|Any CPU
		{1D31FFF4-4FE8-4E7A-8E14-0B21C5BA6FF5}.Release|Any CPU.Build.0 = Release|Any CPU
		{AC887E57-808B-4B6E-9DF6-E63582146B24}.Debug|Any CPU.ActiveCfg = Debug|Any CPU
		{AC887E57-808B-4B6E-9DF6-E63582146B24}.Debug|Any CPU.Build.0 = Debug|Any CPU
		{AC887E57-808B-4B6E-9DF6-E63582146B24}.Release|Any CPU.ActiveCfg = Release|Any CPU
		{AC887E57-808B-4B6E-9DF6-E63582146B24}.Release|Any CPU.Build.0 = Release|Any CPU
		{CBAFC0F9-5B69-AE5B-776E-B650E010DF04}.Debug|Any CPU.ActiveCfg = Debug|Any CPU
		{CBAFC0F9-5B69-AE5B-776E-B650E010DF04}.Debug|Any CPU.Build.0 = Debug|Any CPU
		{CBAFC0F9-5B69-AE5B-776E-B650E010DF04}.Release|Any CPU.ActiveCfg = Release|Any CPU
		{CBAFC0F9-5B69-AE5B-776E-B650E010DF04}.Release|Any CPU.Build.0 = Release|Any CPU
		{68906613-2790-4C65-8A54-D178EB729EEC}.Debug|Any CPU.ActiveCfg = Debug|Any CPU
		{68906613-2790-4C65-8A54-D178EB729EEC}.Debug|Any CPU.Build.0 = Debug|Any CPU
		{68906613-2790-4C65-8A54-D178EB729EEC}.Release|Any CPU.ActiveCfg = Release|Any CPU
		{68906613-2790-4C65-8A54-D178EB729EEC}.Release|Any CPU.Build.0 = Release|Any CPU
	EndGlobalSection
	GlobalSection(SolutionProperties) = preSolution
		HideSolutionNode = FALSE
	EndGlobalSection
	GlobalSection(NestedProjects) = preSolution
		{04DE270E-77DC-4F21-B91E-3B06368D6D3A} = {02EA681E-C7D8-13C7-8484-4AC65E1B71E8}
		{7C2F2F9E-1DA1-4ED6-8BEB-96A983125AEB} = {02EA681E-C7D8-13C7-8484-4AC65E1B71E8}
		{1D31FFF4-4FE8-4E7A-8E14-0B21C5BA6FF5} = {02EA681E-C7D8-13C7-8484-4AC65E1B71E8}
		{AC887E57-808B-4B6E-9DF6-E63582146B24} = {F03CEB2A-8E2C-43D6-AD56-33E693D5552A}
		{CBAFC0F9-5B69-AE5B-776E-B650E010DF04} = {02EA681E-C7D8-13C7-8484-4AC65E1B71E8}
		{68906613-2790-4C65-8A54-D178EB729EEC} = {02EA681E-C7D8-13C7-8484-4AC65E1B71E8}
	EndGlobalSection
	GlobalSection(ExtensibilityGlobals) = postSolution
		SolutionGuid = {974FC96A-C0D1-4B05-85A3-307DFD59F66D}
	EndGlobalSection
EndGlobal
